
Microsoft Visual Studio Solution File, Format Version 11.00
# Visual Studio 2010
Project("{FAE04EC0-301F-11D3-BF4B-00C04F79EFBC}") = "EventAggAtLarge.WebClient", "EventAggAtLarge.WebClient\EventAggAtLarge.WebClient.csproj", "{16EC2C31-66C9-44CB-9946-EEC6EBB344C3}"
EndProject
Project("{FAE04EC0-301F-11D3-BF4B-00C04F79EFBC}") = "EventAggAtLarge.Server", "EventAggAtLarge.Server\EventAggAtLarge.Server.csproj", "{72AA2BE5-3619-4D1A-9F90-47538D70318F}"
EndProject
Project("{FAE04EC0-301F-11D3-BF4B-00C04F79EFBC}") = "EventAggAtLarge.Messages", "EventAggAtLarge.Messages\EventAggAtLarge.Messages.csproj", "{E43325BA-ED64-41F2-9CAE-DE0E03D20540}"
EndProject
Project("{FAE04EC0-301F-11D3-BF4B-00C04F79EFBC}") = "EventAggAtLarge.Tests", "EventAggAtLarge.Tests\EventAggAtLarge.Tests.csproj", "{F8475996-24FA-45B6-B9C1-C403DB102D2E}"
EndProject
Project("{2150E333-8FDC-42A3-9474-1A3956D46DE8}") = "Distributed", "Distributed", "{DC0CF0D5-36DD-4AD0-BA03-E6921C703B5B}"
EndProject
Project("{FAE04EC0-301F-11D3-BF4B-00C04F79EFBC}") = "EventAggAtLarge.Server1", "Distributed.Services\EventAggAtLarge.Server1\EventAggAtLarge.Server1.csproj", "{ADB2D55F-4D42-4E0B-8A40-3C7F9ECBF827}"
EndProject
Project("{FAE04EC0-301F-11D3-BF4B-00C04F79EFBC}") = "EventAggAtLarge.Server2", "Distributed.Services\EventAggAtLarge.Server2\EventAggAtLarge.Server2.csproj", "{F2A95EBA-83F9-46CE-A776-435C579D4B96}"
EndProject
Global
	GlobalSection(SolutionConfigurationPlatforms) = preSolution
		Debug|Any CPU = Debug|Any CPU
		Debug|Mixed Platforms = Debug|Mixed Platforms
		Debug|x86 = Debug|x86
		Release|Any CPU = Release|Any CPU
		Release|Mixed Platforms = Release|Mixed Platforms
		Release|x86 = Release|x86
	EndGlobalSection
	GlobalSection(ProjectConfigurationPlatforms) = postSolution
		{16EC2C31-66C9-44CB-9946-EEC6EBB344C3}.Debug|Any CPU.ActiveCfg = Debug|Any CPU
		{16EC2C31-66C9-44CB-9946-EEC6EBB344C3}.Debug|Any CPU.Build.0 = Debug|Any CPU
		{16EC2C31-66C9-44CB-9946-EEC6EBB344C3}.Debug|Mixed Platforms.ActiveCfg = Debug|Any CPU
		{16EC2C31-66C9-44CB-9946-EEC6EBB344C3}.Debug|Mixed Platforms.Build.0 = Debug|Any CPU
		{16EC2C31-66C9-44CB-9946-EEC6EBB344C3}.Debug|x86.ActiveCfg = Debug|Any CPU
		{16EC2C31-66C9-44CB-9946-EEC6EBB344C3}.Release|Any CPU.ActiveCfg = Release|Any CPU
		{16EC2C31-66C9-44CB-9946-EEC6EBB344C3}.Release|Any CPU.Build.0 = Release|Any CPU
		{16EC2C31-66C9-44CB-9946-EEC6EBB344C3}.Release|Mixed Platforms.ActiveCfg = Release|Any CPU
		{16EC2C31-66C9-44CB-9946-EEC6EBB344C3}.Release|Mixed Platforms.Build.0 = Release|Any CPU
		{16EC2C31-66C9-44CB-9946-EEC6EBB344C3}.Release|x86.ActiveCfg = Release|Any CPU
		{72AA2BE5-3619-4D1A-9F90-47538D70318F}.Debug|Any CPU.ActiveCfg = Debug|x86
		{72AA2BE5-3619-4D1A-9F90-47538D70318F}.Debug|Mixed Platforms.ActiveCfg = Debug|x86
		{72AA2BE5-3619-4D1A-9F90-47538D70318F}.Debug|Mixed Platforms.Build.0 = Debug|x86
		{72AA2BE5-3619-4D1A-9F90-47538D70318F}.Debug|x86.ActiveCfg = Debug|x86
		{72AA2BE5-3619-4D1A-9F90-47538D70318F}.Debug|x86.Build.0 = Debug|x86
		{72AA2BE5-3619-4D1A-9F90-47538D70318F}.Release|Any CPU.ActiveCfg = Release|x86
		{72AA2BE5-3619-4D1A-9F90-47538D70318F}.Release|Mixed Platforms.ActiveCfg = Release|x86
		{72AA2BE5-3619-4D1A-9F90-47538D70318F}.Release|Mixed Platforms.Build.0 = Release|x86
		{72AA2BE5-3619-4D1A-9F90-47538D70318F}.Release|x86.ActiveCfg = Release|x86
		{72AA2BE5-3619-4D1A-9F90-47538D70318F}.Release|x86.Build.0 = Release|x86
		{E43325BA-ED64-41F2-9CAE-DE0E03D20540}.Debug|Any CPU.ActiveCfg = Debug|Any CPU
		{E43325BA-ED64-41F2-9CAE-DE0E03D20540}.Debug|Any CPU.Build.0 = Debug|Any CPU
		{E43325BA-ED64-41F2-9CAE-DE0E03D20540}.Debug|Mixed Platforms.ActiveCfg = Debug|Any CPU
		{E43325BA-ED64-41F2-9CAE-DE0E03D20540}.Debug|Mixed Platforms.Build.0 = Debug|Any CPU
		{E43325BA-ED64-41F2-9CAE-DE0E03D20540}.Debug|x86.ActiveCfg = Debug|Any CPU
		{E43325BA-ED64-41F2-9CAE-DE0E03D20540}.Release|Any CPU.ActiveCfg = Release|Any CPU
		{E43325BA-ED64-41F2-9CAE-DE0E03D20540}.Release|Any CPU.Build.0 = Release|Any CPU
		{E43325BA-ED64-41F2-9CAE-DE0E03D20540}.Release|Mixed Platforms.ActiveCfg = Release|Any CPU
		{E43325BA-ED64-41F2-9CAE-DE0E03D20540}.Release|Mixed Platforms.Build.0 = Release|Any CPU
		{E43325BA-ED64-41F2-9CAE-DE0E03D20540}.Release|x86.ActiveCfg = Release|Any CPU
		{F8475996-24FA-45B6-B9C1-C403DB102D2E}.Debug|Any CPU.ActiveCfg = Debug|Any CPU
		{F8475996-24FA-45B6-B9C1-C403DB102D2E}.Debug|Any CPU.Build.0 = Debug|Any CPU
		{F8475996-24FA-45B6-B9C1-C403DB102D2E}.Debug|Mixed Platforms.ActiveCfg = Debug|Any CPU
		{F8475996-24FA-45B6-B9C1-C403DB102D2E}.Debug|Mixed Platforms.Build.0 = Debug|Any CPU
		{F8475996-24FA-45B6-B9C1-C403DB102D2E}.Debug|x86.ActiveCfg = Debug|Any CPU
		{F8475996-24FA-45B6-B9C1-C403DB102D2E}.Release|Any CPU.ActiveCfg = Release|Any CPU
		{F8475996-24FA-45B6-B9C1-C403DB102D2E}.Release|Any CPU.Build.0 = Release|Any CPU
		{F8475996-24FA-45B6-B9C1-C403DB102D2E}.Release|Mixed Platforms.ActiveCfg = Release|Any CPU
		{F8475996-24FA-45B6-B9C1-C403DB102D2E}.Release|Mixed Platforms.Build.0 = Release|Any CPU
		{F8475996-24FA-45B6-B9C1-C403DB102D2E}.Release|x86.ActiveCfg = Release|Any CPU
		{ADB2D55F-4D42-4E0B-8A40-3C7F9ECBF827}.Debug|Any CPU.ActiveCfg = Debug|x86
		{ADB2D55F-4D42-4E0B-8A40-3C7F9ECBF827}.Debug|Mixed Platforms.ActiveCfg = Debug|x86
		{ADB2D55F-4D42-4E0B-8A40-3C7F9ECBF827}.Debug|Mixed Platforms.Build.0 = Debug|x86
		{ADB2D55F-4D42-4E0B-8A40-3C7F9ECBF827}.Debug|x86.ActiveCfg = Debug|x86
		{ADB2D55F-4D42-4E0B-8A40-3C7F9ECBF827}.Debug|x86.Build.0 = Debug|x86
		{ADB2D55F-4D42-4E0B-8A40-3C7F9ECBF827}.Release|Any CPU.ActiveCfg = Release|x86
		{ADB2D55F-4D42-4E0B-8A40-3C7F9ECBF827}.Release|Mixed Platforms.ActiveCfg = Release|x86
		{ADB2D55F-4D42-4E0B-8A40-3C7F9ECBF827}.Release|Mixed Platforms.Build.0 = Release|x86
		{ADB2D55F-4D42-4E0B-8A40-3C7F9ECBF827}.Release|x86.ActiveCfg = Release|x86
		{ADB2D55F-4D42-4E0B-8A40-3C7F9ECBF827}.Release|x86.Build.0 = Release|x86
		{F2A95EBA-83F9-46CE-A776-435C579D4B96}.Debug|Any CPU.ActiveCfg = Debug|x86
		{F2A95EBA-83F9-46CE-A776-435C579D4B96}.Debug|Mixed Platforms.ActiveCfg = Debug|x86
		{F2A95EBA-83F9-46CE-A776-435C579D4B96}.Debug|Mixed Platforms.Build.0 = Debug|x86
		{F2A95EBA-83F9-46CE-A776-435C579D4B96}.Debug|x86.ActiveCfg = Debug|x86
		{F2A95EBA-83F9-46CE-A776-435C579D4B96}.Debug|x86.Build.0 = Debug|x86
		{F2A95EBA-83F9-46CE-A776-435C579D4B96}.Release|Any CPU.ActiveCfg = Release|x86
		{F2A95EBA-83F9-46CE-A776-435C579D4B96}.Release|Mixed Platforms.ActiveCfg = Release|x86
		{F2A95EBA-83F9-46CE-A776-435C579D4B96}.Release|Mixed Platforms.Build.0 = Release|x86
		{F2A95EBA-83F9-46CE-A776-435C579D4B96}.Release|x86.ActiveCfg = Release|x86
		{F2A95EBA-83F9-46CE-A776-435C579D4B96}.Release|x86.Build.0 = Release|x86
	EndGlobalSection
	GlobalSection(SolutionProperties) = preSolution
		HideSolutionNode = FALSE
	EndGlobalSection
	GlobalSection(NestedProjects) = preSolution
		{ADB2D55F-4D42-4E0B-8A40-3C7F9ECBF827} = {DC0CF0D5-36DD-4AD0-BA03-E6921C703B5B}
		{F2A95EBA-83F9-46CE-A776-435C579D4B96} = {DC0CF0D5-36DD-4AD0-BA03-E6921C703B5B}
	EndGlobalSection
EndGlobal
