
Microsoft Visual Studio Solution File, Format Version 11.00
# Visual Studio 2010
Project("{FAE04EC0-301F-11D3-BF4B-00C04F79EFBC}") = "EventAggAtLarge.WebClient", "EventAggAtLarge.WebClient\EventAggAtLarge.WebClient.csproj", "{16EC2C31-66C9-44CB-9946-EEC6EBB344C3}"
EndProject
Project("{FAE04EC0-301F-11D3-BF4B-00C04F79EFBC}") = "EventAggAtLarge.Server", "EventAggAtLarge.Server\EventAggAtLarge.Server.csproj", "{72AA2BE5-3619-4D1A-9F90-47538D70318F}"
EndProject
Project("{FAE04EC0-301F-11D3-BF4B-00C04F79EFBC}") = "EventAggAtLarge.Messages", "EventAggAtLarge.Messages\EventAggAtLarge.Messages.csproj", "{E43325BA-ED64-41F2-9CAE-DE0E03D20540}"
EndProject
Project("{2150E333-8FDC-42A3-9474-1A3956D46DE8}") = "Distributed", "Distributed", "{DC0CF0D5-36DD-4AD0-BA03-E6921C703B5B}"
EndProject
Project("{FAE04EC0-301F-11D3-BF4B-00C04F79EFBC}") = "EventAggAtLarge.Listener1", "Distributed.Services\EventAggAtLarge.Listener1\EventAggAtLarge.Listener1.csproj", "{787350C5-1C7D-46DC-A354-029BEC76A89A}"
EndProject
Project("{FAE04EC0-301F-11D3-BF4B-00C04F79EFBC}") = "EventAggAtLarge.Listener2", "Distributed.Services\EventAggAtLarge.Listener2\EventAggAtLarge.Listener2.csproj", "{C1DDBF98-36FD-4DC8-A253-F5CE133ECF23}"
EndProject
Project("{FAE04EC0-301F-11D3-BF4B-00C04F79EFBC}") = "EventAggAtLarge.Listener3", "Distributed.Services\EventAggAtLarge.Listener3\EventAggAtLarge.Listener3.csproj", "{C96E3F61-9744-43D7-9237-1BCDF501621B}"
EndProject
Global
	GlobalSection(SolutionConfigurationPlatforms) = preSolution
		Debug|Any CPU = Debug|Any CPU
		Debug|Mixed Platforms = Debug|Mixed Platforms
		Debug|x86 = Debug|x86
		Release|Any CPU = Release|Any CPU
		Release|Mixed Platforms = Release|Mixed Platforms
		Release|x86 = Release|x86
	EndGlobalSection
	GlobalSection(ProjectConfigurationPlatforms) = postSolution
		{16EC2C31-66C9-44CB-9946-EEC6EBB344C3}.Debug|Any CPU.ActiveCfg = Debug|Any CPU
		{16EC2C31-66C9-44CB-9946-EEC6EBB344C3}.Debug|Any CPU.Build.0 = Debug|Any CPU
		{16EC2C31-66C9-44CB-9946-EEC6EBB344C3}.Debug|Mixed Platforms.ActiveCfg = Debug|Any CPU
		{16EC2C31-66C9-44CB-9946-EEC6EBB344C3}.Debug|Mixed Platforms.Build.0 = Debug|Any CPU
		{16EC2C31-66C9-44CB-9946-EEC6EBB344C3}.Debug|x86.ActiveCfg = Debug|Any CPU
		{16EC2C31-66C9-44CB-9946-EEC6EBB344C3}.Release|Any CPU.ActiveCfg = Release|Any CPU
		{16EC2C31-66C9-44CB-9946-EEC6EBB344C3}.Release|Any CPU.Build.0 = Release|Any CPU
		{16EC2C31-66C9-44CB-9946-EEC6EBB344C3}.Release|Mixed Platforms.ActiveCfg = Release|Any CPU
		{16EC2C31-66C9-44CB-9946-EEC6EBB344C3}.Release|Mixed Platforms.Build.0 = Release|Any CPU
		{16EC2C31-66C9-44CB-9946-EEC6EBB344C3}.Release|x86.ActiveCfg = Release|Any CPU
		{72AA2BE5-3619-4D1A-9F90-47538D70318F}.Debug|Any CPU.ActiveCfg = Debug|x86
		{72AA2BE5-3619-4D1A-9F90-47538D70318F}.Debug|Mixed Platforms.ActiveCfg = Debug|x86
		{72AA2BE5-3619-4D1A-9F90-47538D70318F}.Debug|Mixed Platforms.Build.0 = Debug|x86
		{72AA2BE5-3619-4D1A-9F90-47538D70318F}.Debug|x86.ActiveCfg = Debug|x86
		{72AA2BE5-3619-4D1A-9F90-47538D70318F}.Debug|x86.Build.0 = Debug|x86
		{72AA2BE5-3619-4D1A-9F90-47538D70318F}.Release|Any CPU.ActiveCfg = Release|x86
		{72AA2BE5-3619-4D1A-9F90-47538D70318F}.Release|Mixed Platforms.ActiveCfg = Release|x86
		{72AA2BE5-3619-4D1A-9F90-47538D70318F}.Release|Mixed Platforms.Build.0 = Release|x86
		{72AA2BE5-3619-4D1A-9F90-47538D70318F}.Release|x86.ActiveCfg = Release|x86
		{72AA2BE5-3619-4D1A-9F90-47538D70318F}.Release|x86.Build.0 = Release|x86
		{E43325BA-ED64-41F2-9CAE-DE0E03D20540}.Debug|Any CPU.ActiveCfg = Debug|Any CPU
		{E43325BA-ED64-41F2-9CAE-DE0E03D20540}.Debug|Any CPU.Build.0 = Debug|Any CPU
		{E43325BA-ED64-41F2-9CAE-DE0E03D20540}.Debug|Mixed Platforms.ActiveCfg = Debug|Any CPU
		{E43325BA-ED64-41F2-9CAE-DE0E03D20540}.Debug|Mixed Platforms.Build.0 = Debug|Any CPU
		{E43325BA-ED64-41F2-9CAE-DE0E03D20540}.Debug|x86.ActiveCfg = Debug|Any CPU
		{E43325BA-ED64-41F2-9CAE-DE0E03D20540}.Release|Any CPU.ActiveCfg = Release|Any CPU
		{E43325BA-ED64-41F2-9CAE-DE0E03D20540}.Release|Any CPU.Build.0 = Release|Any CPU
		{E43325BA-ED64-41F2-9CAE-DE0E03D20540}.Release|Mixed Platforms.ActiveCfg = Release|Any CPU
		{E43325BA-ED64-41F2-9CAE-DE0E03D20540}.Release|Mixed Platforms.Build.0 = Release|Any CPU
		{E43325BA-ED64-41F2-9CAE-DE0E03D20540}.Release|x86.ActiveCfg = Release|Any CPU
		{787350C5-1C7D-46DC-A354-029BEC76A89A}.Debug|Any CPU.ActiveCfg = Debug|Any CPU
		{787350C5-1C7D-46DC-A354-029BEC76A89A}.Debug|Any CPU.Build.0 = Debug|Any CPU
		{787350C5-1C7D-46DC-A354-029BEC76A89A}.Debug|Mixed Platforms.ActiveCfg = Debug|Any CPU
		{787350C5-1C7D-46DC-A354-029BEC76A89A}.Debug|Mixed Platforms.Build.0 = Debug|Any CPU
		{787350C5-1C7D-46DC-A354-029BEC76A89A}.Debug|x86.ActiveCfg = Debug|Any CPU
		{787350C5-1C7D-46DC-A354-029BEC76A89A}.Release|Any CPU.ActiveCfg = Release|Any CPU
		{787350C5-1C7D-46DC-A354-029BEC76A89A}.Release|Any CPU.Build.0 = Release|Any CPU
		{787350C5-1C7D-46DC-A354-029BEC76A89A}.Release|Mixed Platforms.ActiveCfg = Release|Any CPU
		{787350C5-1C7D-46DC-A354-029BEC76A89A}.Release|Mixed Platforms.Build.0 = Release|Any CPU
		{787350C5-1C7D-46DC-A354-029BEC76A89A}.Release|x86.ActiveCfg = Release|Any CPU
		{C1DDBF98-36FD-4DC8-A253-F5CE133ECF23}.Debug|Any CPU.ActiveCfg = Debug|Any CPU
		{C1DDBF98-36FD-4DC8-A253-F5CE133ECF23}.Debug|Any CPU.Build.0 = Debug|Any CPU
		{C1DDBF98-36FD-4DC8-A253-F5CE133ECF23}.Debug|Mixed Platforms.ActiveCfg = Debug|Any CPU
		{C1DDBF98-36FD-4DC8-A253-F5CE133ECF23}.Debug|Mixed Platforms.Build.0 = Debug|Any CPU
		{C1DDBF98-36FD-4DC8-A253-F5CE133ECF23}.Debug|x86.ActiveCfg = Debug|Any CPU
		{C1DDBF98-36FD-4DC8-A253-F5CE133ECF23}.Release|Any CPU.ActiveCfg = Release|Any CPU
		{C1DDBF98-36FD-4DC8-A253-F5CE133ECF23}.Release|Any CPU.Build.0 = Release|Any CPU
		{C1DDBF98-36FD-4DC8-A253-F5CE133ECF23}.Release|Mixed Platforms.ActiveCfg = Release|Any CPU
		{C1DDBF98-36FD-4DC8-A253-F5CE133ECF23}.Release|Mixed Platforms.Build.0 = Release|Any CPU
		{C1DDBF98-36FD-4DC8-A253-F5CE133ECF23}.Release|x86.ActiveCfg = Release|Any CPU
		{C96E3F61-9744-43D7-9237-1BCDF501621B}.Debug|Any CPU.ActiveCfg = Debug|Any CPU
		{C96E3F61-9744-43D7-9237-1BCDF501621B}.Debug|Any CPU.Build.0 = Debug|Any CPU
		{C96E3F61-9744-43D7-9237-1BCDF501621B}.Debug|Mixed Platforms.ActiveCfg = Debug|Any CPU
		{C96E3F61-9744-43D7-9237-1BCDF501621B}.Debug|Mixed Platforms.Build.0 = Debug|Any CPU
		{C96E3F61-9744-43D7-9237-1BCDF501621B}.Debug|x86.ActiveCfg = Debug|Any CPU
		{C96E3F61-9744-43D7-9237-1BCDF501621B}.Release|Any CPU.ActiveCfg = Release|Any CPU
		{C96E3F61-9744-43D7-9237-1BCDF501621B}.Release|Any CPU.Build.0 = Release|Any CPU
		{C96E3F61-9744-43D7-9237-1BCDF501621B}.Release|Mixed Platforms.ActiveCfg = Release|Any CPU
		{C96E3F61-9744-43D7-9237-1BCDF501621B}.Release|Mixed Platforms.Build.0 = Release|Any CPU
		{C96E3F61-9744-43D7-9237-1BCDF501621B}.Release|x86.ActiveCfg = Release|Any CPU
	EndGlobalSection
	GlobalSection(SolutionProperties) = preSolution
		HideSolutionNode = FALSE
	EndGlobalSection
	GlobalSection(NestedProjects) = preSolution
		{787350C5-1C7D-46DC-A354-029BEC76A89A} = {DC0CF0D5-36DD-4AD0-BA03-E6921C703B5B}
		{C1DDBF98-36FD-4DC8-A253-F5CE133ECF23} = {DC0CF0D5-36DD-4AD0-BA03-E6921C703B5B}
		{C96E3F61-9744-43D7-9237-1BCDF501621B} = {DC0CF0D5-36DD-4AD0-BA03-E6921C703B5B}
	EndGlobalSection
EndGlobal
